
Microsoft Visual Studio Solution File, Format Version 12.00
# Visual Studio Version 16
VisualStudioVersion = 16.0.31025.218
MinimumVisualStudioVersion = 10.0.40219.1
Project("{FAE04EC0-301F-11D3-BF4B-00C04F79EFBC}") = "ShoppingAppAPI", "ShoppingAppAPI\ShoppingAppAPI.csproj", "{9A4E5808-CB75-45E9-B74F-C0574C69AE26}"
EndProject
Project("{9A19103F-16F7-4668-BE54-9A1E7A4F7556}") = "Library.Product", "..\ShoppingApp\Library.Product\Library.Product.csproj", "{AEC31B0E-5F8B-4539-A252-0201103165EC}"
EndProject
Global
	GlobalSection(SolutionConfigurationPlatforms) = preSolution
		Debug|Any CPU = Debug|Any CPU
		Release|Any CPU = Release|Any CPU
	EndGlobalSection
	GlobalSection(ProjectConfigurationPlatforms) = postSolution
		{9A4E5808-CB75-45E9-B74F-C0574C69AE26}.Debug|Any CPU.ActiveCfg = Debug|Any CPU
		{9A4E5808-CB75-45E9-B74F-C0574C69AE26}.Debug|Any CPU.Build.0 = Debug|Any CPU
		{9A4E5808-CB75-45E9-B74F-C0574C69AE26}.Release|Any CPU.ActiveCfg = Release|Any CPU
		{9A4E5808-CB75-45E9-B74F-C0574C69AE26}.Release|Any CPU.Build.0 = Release|Any CPU
		{AEC31B0E-5F8B-4539-A252-0201103165EC}.Debug|Any CPU.ActiveCfg = Debug|Any CPU
		{AEC31B0E-5F8B-4539-A252-0201103165EC}.Debug|Any CPU.Build.0 = Debug|Any CPU
		{AEC31B0E-5F8B-4539-A252-0201103165EC}.Release|Any CPU.ActiveCfg = Release|Any CPU
		{AEC31B0E-5F8B-4539-A252-0201103165EC}.Release|Any CPU.Build.0 = Release|Any CPU
	EndGlobalSection
	GlobalSection(SolutionProperties) = preSolution
		HideSolutionNode = FALSE
	EndGlobalSection
	GlobalSection(ExtensibilityGlobals) = postSolution
		SolutionGuid = {CFF7809B-4A9A-4AA1-9EDC-7D8E9A0BEAA9}
	EndGlobalSection
EndGlobal
