
Microsoft Visual Studio Solution File, Format Version 12.00
# Visual Studio Version 16
VisualStudioVersion = 16.0.31025.218
MinimumVisualStudioVersion = 10.0.40219.1
Project("{9A19103F-16F7-4668-BE54-9A1E7A4F7556}") = "ShoppingAppAPI", "ShoppingAppAPI\ShoppingAppAPI.csproj", "{A5BA2FFD-43F8-43BC-9455-8B322191D207}"
EndProject
Project("{9A19103F-16F7-4668-BE54-9A1E7A4F7556}") = "Library.Product", "..\ShoppingApp\Library.Product\Library.Product.csproj", "{9CC694B2-610A-43FA-8E83-59DC0CD480AD}"
EndProject
Global
	GlobalSection(SolutionConfigurationPlatforms) = preSolution
		Debug|Any CPU = Debug|Any CPU
		Release|Any CPU = Release|Any CPU
	EndGlobalSection
	GlobalSection(ProjectConfigurationPlatforms) = postSolution
		{A5BA2FFD-43F8-43BC-9455-8B322191D207}.Debug|Any CPU.ActiveCfg = Debug|Any CPU
		{A5BA2FFD-43F8-43BC-9455-8B322191D207}.Debug|Any CPU.Build.0 = Debug|Any CPU
		{A5BA2FFD-43F8-43BC-9455-8B322191D207}.Release|Any CPU.ActiveCfg = Release|Any CPU
		{A5BA2FFD-43F8-43BC-9455-8B322191D207}.Release|Any CPU.Build.0 = Release|Any CPU
		{9CC694B2-610A-43FA-8E83-59DC0CD480AD}.Debug|Any CPU.ActiveCfg = Debug|Any CPU
		{9CC694B2-610A-43FA-8E83-59DC0CD480AD}.Debug|Any CPU.Build.0 = Debug|Any CPU
		{9CC694B2-610A-43FA-8E83-59DC0CD480AD}.Release|Any CPU.ActiveCfg = Release|Any CPU
		{9CC694B2-610A-43FA-8E83-59DC0CD480AD}.Release|Any CPU.Build.0 = Release|Any CPU
	EndGlobalSection
	GlobalSection(SolutionProperties) = preSolution
		HideSolutionNode = FALSE
	EndGlobalSection
	GlobalSection(ExtensibilityGlobals) = postSolution
		SolutionGuid = {F7CE3617-EE38-462D-9E7C-F0063E88007A}
	EndGlobalSection
EndGlobal
